{
    "name": "node-red-project",
    "version": "0.0.1",
    "lockfileVersion": 2,
    "requires": true,
    "packages": {
        "": {
            "name": "node-red-project",
            "version": "0.0.1",
            "dependencies": {
                "node-red-contrib-buffer-parser": "~3.2.2"
            }
        },
        "node_modules/node-red-contrib-buffer-parser": {
            "version": "3.2.2",
            "resolved": "https://registry.npmjs.org/node-red-contrib-buffer-parser/-/node-red-contrib-buffer-parser-3.2.2.tgz",
            "integrity": "sha512-rfxprtZMhKP80qa06W4W9lfJYa4UHiWRuepmvxavvxgUKdX4kHPRJNP9Ks0cpTxDR+7gd57+X7zUEsBjXqPGvw==",
            "engines": {
                "node": ">=10.4.0"
            }
        }
    },
    "dependencies": {
        "node-red-contrib-buffer-parser": {
            "version": "3.2.2",
            "resolved": "https://registry.npmjs.org/node-red-contrib-buffer-parser/-/node-red-contrib-buffer-parser-3.2.2.tgz",
            "integrity": "sha512-rfxprtZMhKP80qa06W4W9lfJYa4UHiWRuepmvxavvxgUKdX4kHPRJNP9Ks0cpTxDR+7gd57+X7zUEsBjXqPGvw=="
        }
    }
}
